
Microsoft Visual Studio Solution File, Format Version 12.00
# Visual Studio 2013
VisualStudioVersion = 12.0.21005.1
MinimumVisualStudioVersion = 10.0.40219.1
Project("{FAE04EC0-301F-11D3-BF4B-00C04F79EFBC}") = "GeomComp", "GeomComp\GeomComp.csproj", "{6F704FF0-2DAD-438A-BAA0-62FA6EC0DA1A}"
EndProject
Project("{FAE04EC0-301F-11D3-BF4B-00C04F79EFBC}") = "LibGeomComp", "LibGeomComp\LibGeomComp.csproj", "{5F795FFC-D918-4BA6-A903-C6F5C155BE33}"
EndProject
Project("{FAE04EC0-301F-11D3-BF4B-00C04F79EFBC}") = "TestGeomComp", "TestGeomComp\TestGeomComp.csproj", "{352524A8-924E-4A2D-B725-7A1FC59DF46D}"
EndProject
Global
	GlobalSection(SolutionConfigurationPlatforms) = preSolution
		Debug|Any CPU = Debug|Any CPU
		Release|Any CPU = Release|Any CPU
	EndGlobalSection
	GlobalSection(ProjectConfigurationPlatforms) = postSolution
		{6F704FF0-2DAD-438A-BAA0-62FA6EC0DA1A}.Debug|Any CPU.ActiveCfg = Debug|Any CPU
		{6F704FF0-2DAD-438A-BAA0-62FA6EC0DA1A}.Debug|Any CPU.Build.0 = Debug|Any CPU
		{6F704FF0-2DAD-438A-BAA0-62FA6EC0DA1A}.Release|Any CPU.ActiveCfg = Release|Any CPU
		{6F704FF0-2DAD-438A-BAA0-62FA6EC0DA1A}.Release|Any CPU.Build.0 = Release|Any CPU
		{5F795FFC-D918-4BA6-A903-C6F5C155BE33}.Debug|Any CPU.ActiveCfg = Debug|Any CPU
		{5F795FFC-D918-4BA6-A903-C6F5C155BE33}.Debug|Any CPU.Build.0 = Debug|Any CPU
		{5F795FFC-D918-4BA6-A903-C6F5C155BE33}.Release|Any CPU.ActiveCfg = Release|Any CPU
		{5F795FFC-D918-4BA6-A903-C6F5C155BE33}.Release|Any CPU.Build.0 = Release|Any CPU
		{352524A8-924E-4A2D-B725-7A1FC59DF46D}.Debug|Any CPU.ActiveCfg = Debug|Any CPU
		{352524A8-924E-4A2D-B725-7A1FC59DF46D}.Debug|Any CPU.Build.0 = Debug|Any CPU
		{352524A8-924E-4A2D-B725-7A1FC59DF46D}.Release|Any CPU.ActiveCfg = Release|Any CPU
		{352524A8-924E-4A2D-B725-7A1FC59DF46D}.Release|Any CPU.Build.0 = Release|Any CPU
	EndGlobalSection
	GlobalSection(SolutionProperties) = preSolution
		HideSolutionNode = FALSE
	EndGlobalSection
EndGlobal
